
Microsoft Visual Studio Solution File, Format Version 12.00
# Visual Studio 15
VisualStudioVersion = 15.0.27428.2043
MinimumVisualStudioVersion = 10.0.40219.1
Project("{8BC9CEB8-8B4A-11D0-8D11-00A0C91BC942}") = "JsBinding", "JsBinding\JsBinding.vcxproj", "{A39A6C55-E2CA-4667-B2E2-4A49A650FE06}"
EndProject
Global
	GlobalSection(SolutionConfigurationPlatforms) = preSolution
		Debug|x64 = Debug|x64
		Debug|x86 = Debug|x86
		Release|x64 = Release|x64
		Release|x86 = Release|x86
	EndGlobalSection
	GlobalSection(ProjectConfigurationPlatforms) = postSolution
		{A39A6C55-E2CA-4667-B2E2-4A49A650FE06}.Debug|x64.ActiveCfg = Debug|x64
		{A39A6C55-E2CA-4667-B2E2-4A49A650FE06}.Debug|x64.Build.0 = Debug|x64
		{A39A6C55-E2CA-4667-B2E2-4A49A650FE06}.Debug|x86.ActiveCfg = Debug|Win32
		{A39A6C55-E2CA-4667-B2E2-4A49A650FE06}.Debug|x86.Build.0 = Debug|Win32
		{A39A6C55-E2CA-4667-B2E2-4A49A650FE06}.Release|x64.ActiveCfg = Release|x64
		{A39A6C55-E2CA-4667-B2E2-4A49A650FE06}.Release|x64.Build.0 = Release|x64
		{A39A6C55-E2CA-4667-B2E2-4A49A650FE06}.Release|x86.ActiveCfg = Release|Win32
		{A39A6C55-E2CA-4667-B2E2-4A49A650FE06}.Release|x86.Build.0 = Release|Win32
	EndGlobalSection
	GlobalSection(SolutionProperties) = preSolution
		HideSolutionNode = FALSE
	EndGlobalSection
	GlobalSection(ExtensibilityGlobals) = postSolution
		SolutionGuid = {17BFF9E8-A84C-4919-853D-AACB6AEE120A}
	EndGlobalSection
EndGlobal
