<?xml version="1.0" encoding="utf-8"?>
<Project ToolsVersion="4.0" xmlns="http://schemas.microsoft.com/developer/msbuild/2003">
  <ItemGroup>
    <ClCompile Include="Main.cpp" />
    <ClCompile Include="ScriptingCore.cpp" />
  </ItemGroup>
  <ItemGroup>
    <Filter Include="script">
      <UniqueIdentifier>{3d505d93-2a67-43b6-91b4-b5cd8382fb8e}</UniqueIdentifier>
    </Filter>
  </ItemGroup>
  <ItemGroup>
    <None Include="script.js">
      <Filter>script</Filter>
    </None>
  </ItemGroup>
  <ItemGroup>
    <ClInclude Include="ScriptingCore.h" />
  </ItemGroup>
</Project>